
Microsoft Visual Studio Solution File, Format Version 12.00
# Visual Studio 2013
VisualStudioVersion = 12.0.31101.0
MinimumVisualStudioVersion = 10.0.40219.1
Project("{D954291E-2A0B-460D-934E-DC6B0785DB48}") = "SharedFormsDemo", "SharedFormsDemo\SharedFormsDemo\SharedFormsDemo.shproj", "{1867A823-BD0E-441D-B5DD-15572905F068}"
EndProject
Project("{FAE04EC0-301F-11D3-BF4B-00C04F79EFBC}") = "SharedFormsDemo.WinPhone", "SharedFormsDemo\SharedFormsDemo.WinPhone\SharedFormsDemo.WinPhone.csproj", "{E8E4E401-F77C-4462-983A-8579FCDC7959}"
EndProject
Project("{FAE04EC0-301F-11D3-BF4B-00C04F79EFBC}") = "SharedFormsDemo.iOS", "SharedFormsDemo\SharedFormsDemo.iOS\SharedFormsDemo.iOS.csproj", "{C54944CB-E7D5-45A1-811E-0393D6DFE36F}"
EndProject
Project("{FAE04EC0-301F-11D3-BF4B-00C04F79EFBC}") = "SharedFormsDemo.Android", "SharedFormsDemo\SharedFormsDemo.Android\SharedFormsDemo.Android.csproj", "{77E3C5AE-75D4-422C-9F41-F2014773DE72}"
EndProject
Global
	GlobalSection(SharedMSBuildProjectFiles) = preSolution
		SharedFormsDemo\SharedFormsDemo\SharedFormsDemo.projitems*{e8e4e401-f77c-4462-983a-8579fcdc7959}*SharedItemsImports = 4
		SharedFormsDemo\SharedFormsDemo\SharedFormsDemo.projitems*{1867a823-bd0e-441d-b5dd-15572905f068}*SharedItemsImports = 13
		SharedFormsDemo\SharedFormsDemo\SharedFormsDemo.projitems*{77e3c5ae-75d4-422c-9f41-f2014773de72}*SharedItemsImports = 4
		SharedFormsDemo\SharedFormsDemo\SharedFormsDemo.projitems*{c54944cb-e7d5-45a1-811e-0393d6dfe36f}*SharedItemsImports = 4
	EndGlobalSection
	GlobalSection(SolutionConfigurationPlatforms) = preSolution
		Ad-Hoc|Any CPU = Ad-Hoc|Any CPU
		Ad-Hoc|ARM = Ad-Hoc|ARM
		Ad-Hoc|iPhone = Ad-Hoc|iPhone
		Ad-Hoc|iPhoneSimulator = Ad-Hoc|iPhoneSimulator
		Ad-Hoc|Mixed Platforms = Ad-Hoc|Mixed Platforms
		Ad-Hoc|x86 = Ad-Hoc|x86
		AppStore|Any CPU = AppStore|Any CPU
		AppStore|ARM = AppStore|ARM
		AppStore|iPhone = AppStore|iPhone
		AppStore|iPhoneSimulator = AppStore|iPhoneSimulator
		AppStore|Mixed Platforms = AppStore|Mixed Platforms
		AppStore|x86 = AppStore|x86
		Debug|Any CPU = Debug|Any CPU
		Debug|ARM = Debug|ARM
		Debug|iPhone = Debug|iPhone
		Debug|iPhoneSimulator = Debug|iPhoneSimulator
		Debug|Mixed Platforms = Debug|Mixed Platforms
		Debug|x86 = Debug|x86
		Release|Any CPU = Release|Any CPU
		Release|ARM = Release|ARM
		Release|iPhone = Release|iPhone
		Release|iPhoneSimulator = Release|iPhoneSimulator
		Release|Mixed Platforms = Release|Mixed Platforms
		Release|x86 = Release|x86
	EndGlobalSection
	GlobalSection(ProjectConfigurationPlatforms) = postSolution
		{E8E4E401-F77C-4462-983A-8579FCDC7959}.Ad-Hoc|Any CPU.ActiveCfg = Release|Any CPU
		{E8E4E401-F77C-4462-983A-8579FCDC7959}.Ad-Hoc|Any CPU.Build.0 = Release|Any CPU
		{E8E4E401-F77C-4462-983A-8579FCDC7959}.Ad-Hoc|Any CPU.Deploy.0 = Release|Any CPU
		{E8E4E401-F77C-4462-983A-8579FCDC7959}.Ad-Hoc|ARM.ActiveCfg = Release|ARM
		{E8E4E401-F77C-4462-983A-8579FCDC7959}.Ad-Hoc|ARM.Build.0 = Release|ARM
		{E8E4E401-F77C-4462-983A-8579FCDC7959}.Ad-Hoc|ARM.Deploy.0 = Release|ARM
		{E8E4E401-F77C-4462-983A-8579FCDC7959}.Ad-Hoc|iPhone.ActiveCfg = Release|Any CPU
		{E8E4E401-F77C-4462-983A-8579FCDC7959}.Ad-Hoc|iPhoneSimulator.ActiveCfg = Release|Any CPU
		{E8E4E401-F77C-4462-983A-8579FCDC7959}.Ad-Hoc|Mixed Platforms.ActiveCfg = Release|x86
		{E8E4E401-F77C-4462-983A-8579FCDC7959}.Ad-Hoc|Mixed Platforms.Build.0 = Release|x86
		{E8E4E401-F77C-4462-983A-8579FCDC7959}.Ad-Hoc|Mixed Platforms.Deploy.0 = Release|x86
		{E8E4E401-F77C-4462-983A-8579FCDC7959}.Ad-Hoc|x86.ActiveCfg = Release|x86
		{E8E4E401-F77C-4462-983A-8579FCDC7959}.Ad-Hoc|x86.Build.0 = Release|x86
		{E8E4E401-F77C-4462-983A-8579FCDC7959}.Ad-Hoc|x86.Deploy.0 = Release|x86
		{E8E4E401-F77C-4462-983A-8579FCDC7959}.AppStore|Any CPU.ActiveCfg = Release|Any CPU
		{E8E4E401-F77C-4462-983A-8579FCDC7959}.AppStore|Any CPU.Build.0 = Release|Any CPU
		{E8E4E401-F77C-4462-983A-8579FCDC7959}.AppStore|Any CPU.Deploy.0 = Release|Any CPU
		{E8E4E401-F77C-4462-983A-8579FCDC7959}.AppStore|ARM.ActiveCfg = Release|ARM
		{E8E4E401-F77C-4462-983A-8579FCDC7959}.AppStore|ARM.Build.0 = Release|ARM
		{E8E4E401-F77C-4462-983A-8579FCDC7959}.AppStore|ARM.Deploy.0 = Release|ARM
		{E8E4E401-F77C-4462-983A-8579FCDC7959}.AppStore|iPhone.ActiveCfg = Release|Any CPU
		{E8E4E401-F77C-4462-983A-8579FCDC7959}.AppStore|iPhoneSimulator.ActiveCfg = Release|Any CPU
		{E8E4E401-F77C-4462-983A-8579FCDC7959}.AppStore|Mixed Platforms.ActiveCfg = Release|x86
		{E8E4E401-F77C-4462-983A-8579FCDC7959}.AppStore|Mixed Platforms.Build.0 = Release|x86
		{E8E4E401-F77C-4462-983A-8579FCDC7959}.AppStore|Mixed Platforms.Deploy.0 = Release|x86
		{E8E4E401-F77C-4462-983A-8579FCDC7959}.AppStore|x86.ActiveCfg = Release|x86
		{E8E4E401-F77C-4462-983A-8579FCDC7959}.AppStore|x86.Build.0 = Release|x86
		{E8E4E401-F77C-4462-983A-8579FCDC7959}.AppStore|x86.Deploy.0 = Release|x86
		{E8E4E401-F77C-4462-983A-8579FCDC7959}.Debug|Any CPU.ActiveCfg = Debug|Any CPU
		{E8E4E401-F77C-4462-983A-8579FCDC7959}.Debug|Any CPU.Build.0 = Debug|Any CPU
		{E8E4E401-F77C-4462-983A-8579FCDC7959}.Debug|Any CPU.Deploy.0 = Debug|Any CPU
		{E8E4E401-F77C-4462-983A-8579FCDC7959}.Debug|ARM.ActiveCfg = Debug|ARM
		{E8E4E401-F77C-4462-983A-8579FCDC7959}.Debug|ARM.Build.0 = Debug|ARM
		{E8E4E401-F77C-4462-983A-8579FCDC7959}.Debug|ARM.Deploy.0 = Debug|ARM
		{E8E4E401-F77C-4462-983A-8579FCDC7959}.Debug|iPhone.ActiveCfg = Debug|Any CPU
		{E8E4E401-F77C-4462-983A-8579FCDC7959}.Debug|iPhoneSimulator.ActiveCfg = Debug|Any CPU
		{E8E4E401-F77C-4462-983A-8579FCDC7959}.Debug|Mixed Platforms.ActiveCfg = Debug|x86
		{E8E4E401-F77C-4462-983A-8579FCDC7959}.Debug|Mixed Platforms.Build.0 = Debug|x86
		{E8E4E401-F77C-4462-983A-8579FCDC7959}.Debug|Mixed Platforms.Deploy.0 = Debug|x86
		{E8E4E401-F77C-4462-983A-8579FCDC7959}.Debug|x86.ActiveCfg = Debug|x86
		{E8E4E401-F77C-4462-983A-8579FCDC7959}.Debug|x86.Build.0 = Debug|x86
		{E8E4E401-F77C-4462-983A-8579FCDC7959}.Debug|x86.Deploy.0 = Debug|x86
		{E8E4E401-F77C-4462-983A-8579FCDC7959}.Release|Any CPU.ActiveCfg = Release|Any CPU
		{E8E4E401-F77C-4462-983A-8579FCDC7959}.Release|Any CPU.Build.0 = Release|Any CPU
		{E8E4E401-F77C-4462-983A-8579FCDC7959}.Release|Any CPU.Deploy.0 = Release|Any CPU
		{E8E4E401-F77C-4462-983A-8579FCDC7959}.Release|ARM.ActiveCfg = Release|ARM
		{E8E4E401-F77C-4462-983A-8579FCDC7959}.Release|ARM.Build.0 = Release|ARM
		{E8E4E401-F77C-4462-983A-8579FCDC7959}.Release|ARM.Deploy.0 = Release|ARM
		{E8E4E401-F77C-4462-983A-8579FCDC7959}.Release|iPhone.ActiveCfg = Release|Any CPU
		{E8E4E401-F77C-4462-983A-8579FCDC7959}.Release|iPhoneSimulator.ActiveCfg = Release|Any CPU
		{E8E4E401-F77C-4462-983A-8579FCDC7959}.Release|Mixed Platforms.ActiveCfg = Release|x86
		{E8E4E401-F77C-4462-983A-8579FCDC7959}.Release|Mixed Platforms.Build.0 = Release|x86
		{E8E4E401-F77C-4462-983A-8579FCDC7959}.Release|Mixed Platforms.Deploy.0 = Release|x86
		{E8E4E401-F77C-4462-983A-8579FCDC7959}.Release|x86.ActiveCfg = Release|x86
		{E8E4E401-F77C-4462-983A-8579FCDC7959}.Release|x86.Build.0 = Release|x86
		{E8E4E401-F77C-4462-983A-8579FCDC7959}.Release|x86.Deploy.0 = Release|x86
		{C54944CB-E7D5-45A1-811E-0393D6DFE36F}.Ad-Hoc|Any CPU.ActiveCfg = Ad-Hoc|iPhone
		{C54944CB-E7D5-45A1-811E-0393D6DFE36F}.Ad-Hoc|ARM.ActiveCfg = Ad-Hoc|iPhone
		{C54944CB-E7D5-45A1-811E-0393D6DFE36F}.Ad-Hoc|iPhone.ActiveCfg = Ad-Hoc|iPhone
		{C54944CB-E7D5-45A1-811E-0393D6DFE36F}.Ad-Hoc|iPhone.Build.0 = Ad-Hoc|iPhone
		{C54944CB-E7D5-45A1-811E-0393D6DFE36F}.Ad-Hoc|iPhoneSimulator.ActiveCfg = Ad-Hoc|iPhoneSimulator
		{C54944CB-E7D5-45A1-811E-0393D6DFE36F}.Ad-Hoc|iPhoneSimulator.Build.0 = Ad-Hoc|iPhoneSimulator
		{C54944CB-E7D5-45A1-811E-0393D6DFE36F}.Ad-Hoc|Mixed Platforms.ActiveCfg = Ad-Hoc|iPhone
		{C54944CB-E7D5-45A1-811E-0393D6DFE36F}.Ad-Hoc|Mixed Platforms.Build.0 = Ad-Hoc|iPhone
		{C54944CB-E7D5-45A1-811E-0393D6DFE36F}.Ad-Hoc|x86.ActiveCfg = Ad-Hoc|iPhone
		{C54944CB-E7D5-45A1-811E-0393D6DFE36F}.AppStore|Any CPU.ActiveCfg = AppStore|iPhone
		{C54944CB-E7D5-45A1-811E-0393D6DFE36F}.AppStore|ARM.ActiveCfg = AppStore|iPhone
		{C54944CB-E7D5-45A1-811E-0393D6DFE36F}.AppStore|iPhone.ActiveCfg = AppStore|iPhone
		{C54944CB-E7D5-45A1-811E-0393D6DFE36F}.AppStore|iPhone.Build.0 = AppStore|iPhone
		{C54944CB-E7D5-45A1-811E-0393D6DFE36F}.AppStore|iPhoneSimulator.ActiveCfg = AppStore|iPhoneSimulator
		{C54944CB-E7D5-45A1-811E-0393D6DFE36F}.AppStore|iPhoneSimulator.Build.0 = AppStore|iPhoneSimulator
		{C54944CB-E7D5-45A1-811E-0393D6DFE36F}.AppStore|Mixed Platforms.ActiveCfg = AppStore|iPhone
		{C54944CB-E7D5-45A1-811E-0393D6DFE36F}.AppStore|Mixed Platforms.Build.0 = AppStore|iPhone
		{C54944CB-E7D5-45A1-811E-0393D6DFE36F}.AppStore|x86.ActiveCfg = AppStore|iPhone
		{C54944CB-E7D5-45A1-811E-0393D6DFE36F}.Debug|Any CPU.ActiveCfg = Debug|iPhone
		{C54944CB-E7D5-45A1-811E-0393D6DFE36F}.Debug|ARM.ActiveCfg = Debug|iPhone
		{C54944CB-E7D5-45A1-811E-0393D6DFE36F}.Debug|iPhone.ActiveCfg = Debug|iPhone
		{C54944CB-E7D5-45A1-811E-0393D6DFE36F}.Debug|iPhone.Build.0 = Debug|iPhone
		{C54944CB-E7D5-45A1-811E-0393D6DFE36F}.Debug|iPhoneSimulator.ActiveCfg = Debug|iPhoneSimulator
		{C54944CB-E7D5-45A1-811E-0393D6DFE36F}.Debug|iPhoneSimulator.Build.0 = Debug|iPhoneSimulator
		{C54944CB-E7D5-45A1-811E-0393D6DFE36F}.Debug|Mixed Platforms.ActiveCfg = Debug|iPhone
		{C54944CB-E7D5-45A1-811E-0393D6DFE36F}.Debug|Mixed Platforms.Build.0 = Debug|iPhone
		{C54944CB-E7D5-45A1-811E-0393D6DFE36F}.Debug|x86.ActiveCfg = Debug|iPhone
		{C54944CB-E7D5-45A1-811E-0393D6DFE36F}.Release|Any CPU.ActiveCfg = Release|iPhone
		{C54944CB-E7D5-45A1-811E-0393D6DFE36F}.Release|ARM.ActiveCfg = Release|iPhone
		{C54944CB-E7D5-45A1-811E-0393D6DFE36F}.Release|iPhone.ActiveCfg = Release|iPhone
		{C54944CB-E7D5-45A1-811E-0393D6DFE36F}.Release|iPhone.Build.0 = Release|iPhone
		{C54944CB-E7D5-45A1-811E-0393D6DFE36F}.Release|iPhoneSimulator.ActiveCfg = Release|iPhoneSimulator
		{C54944CB-E7D5-45A1-811E-0393D6DFE36F}.Release|iPhoneSimulator.Build.0 = Release|iPhoneSimulator
		{C54944CB-E7D5-45A1-811E-0393D6DFE36F}.Release|Mixed Platforms.ActiveCfg = Release|iPhone
		{C54944CB-E7D5-45A1-811E-0393D6DFE36F}.Release|Mixed Platforms.Build.0 = Release|iPhone
		{C54944CB-E7D5-45A1-811E-0393D6DFE36F}.Release|x86.ActiveCfg = Release|iPhone
		{77E3C5AE-75D4-422C-9F41-F2014773DE72}.Ad-Hoc|Any CPU.ActiveCfg = Release|Any CPU
		{77E3C5AE-75D4-422C-9F41-F2014773DE72}.Ad-Hoc|Any CPU.Build.0 = Release|Any CPU
		{77E3C5AE-75D4-422C-9F41-F2014773DE72}.Ad-Hoc|Any CPU.Deploy.0 = Release|Any CPU
		{77E3C5AE-75D4-422C-9F41-F2014773DE72}.Ad-Hoc|ARM.ActiveCfg = Release|Any CPU
		{77E3C5AE-75D4-422C-9F41-F2014773DE72}.Ad-Hoc|iPhone.ActiveCfg = Release|Any CPU
		{77E3C5AE-75D4-422C-9F41-F2014773DE72}.Ad-Hoc|iPhoneSimulator.ActiveCfg = Release|Any CPU
		{77E3C5AE-75D4-422C-9F41-F2014773DE72}.Ad-Hoc|Mixed Platforms.ActiveCfg = Release|Any CPU
		{77E3C5AE-75D4-422C-9F41-F2014773DE72}.Ad-Hoc|Mixed Platforms.Build.0 = Release|Any CPU
		{77E3C5AE-75D4-422C-9F41-F2014773DE72}.Ad-Hoc|Mixed Platforms.Deploy.0 = Release|Any CPU
		{77E3C5AE-75D4-422C-9F41-F2014773DE72}.Ad-Hoc|x86.ActiveCfg = Release|Any CPU
		{77E3C5AE-75D4-422C-9F41-F2014773DE72}.AppStore|Any CPU.ActiveCfg = Release|Any CPU
		{77E3C5AE-75D4-422C-9F41-F2014773DE72}.AppStore|Any CPU.Build.0 = Release|Any CPU
		{77E3C5AE-75D4-422C-9F41-F2014773DE72}.AppStore|Any CPU.Deploy.0 = Release|Any CPU
		{77E3C5AE-75D4-422C-9F41-F2014773DE72}.AppStore|ARM.ActiveCfg = Release|Any CPU
		{77E3C5AE-75D4-422C-9F41-F2014773DE72}.AppStore|iPhone.ActiveCfg = Release|Any CPU
		{77E3C5AE-75D4-422C-9F41-F2014773DE72}.AppStore|iPhoneSimulator.ActiveCfg = Release|Any CPU
		{77E3C5AE-75D4-422C-9F41-F2014773DE72}.AppStore|Mixed Platforms.ActiveCfg = Release|Any CPU
		{77E3C5AE-75D4-422C-9F41-F2014773DE72}.AppStore|Mixed Platforms.Build.0 = Release|Any CPU
		{77E3C5AE-75D4-422C-9F41-F2014773DE72}.AppStore|Mixed Platforms.Deploy.0 = Release|Any CPU
		{77E3C5AE-75D4-422C-9F41-F2014773DE72}.AppStore|x86.ActiveCfg = Release|Any CPU
		{77E3C5AE-75D4-422C-9F41-F2014773DE72}.Debug|Any CPU.ActiveCfg = Debug|Any CPU
		{77E3C5AE-75D4-422C-9F41-F2014773DE72}.Debug|Any CPU.Build.0 = Debug|Any CPU
		{77E3C5AE-75D4-422C-9F41-F2014773DE72}.Debug|Any CPU.Deploy.0 = Debug|Any CPU
		{77E3C5AE-75D4-422C-9F41-F2014773DE72}.Debug|ARM.ActiveCfg = Debug|Any CPU
		{77E3C5AE-75D4-422C-9F41-F2014773DE72}.Debug|iPhone.ActiveCfg = Debug|Any CPU
		{77E3C5AE-75D4-422C-9F41-F2014773DE72}.Debug|iPhoneSimulator.ActiveCfg = Debug|Any CPU
		{77E3C5AE-75D4-422C-9F41-F2014773DE72}.Debug|Mixed Platforms.ActiveCfg = Debug|Any CPU
		{77E3C5AE-75D4-422C-9F41-F2014773DE72}.Debug|Mixed Platforms.Build.0 = Debug|Any CPU
		{77E3C5AE-75D4-422C-9F41-F2014773DE72}.Debug|Mixed Platforms.Deploy.0 = Debug|Any CPU
		{77E3C5AE-75D4-422C-9F41-F2014773DE72}.Debug|x86.ActiveCfg = Debug|Any CPU
		{77E3C5AE-75D4-422C-9F41-F2014773DE72}.Release|Any CPU.ActiveCfg = Release|Any CPU
		{77E3C5AE-75D4-422C-9F41-F2014773DE72}.Release|Any CPU.Build.0 = Release|Any CPU
		{77E3C5AE-75D4-422C-9F41-F2014773DE72}.Release|Any CPU.Deploy.0 = Release|Any CPU
		{77E3C5AE-75D4-422C-9F41-F2014773DE72}.Release|ARM.ActiveCfg = Release|Any CPU
		{77E3C5AE-75D4-422C-9F41-F2014773DE72}.Release|iPhone.ActiveCfg = Release|Any CPU
		{77E3C5AE-75D4-422C-9F41-F2014773DE72}.Release|iPhoneSimulator.ActiveCfg = Release|Any CPU
		{77E3C5AE-75D4-422C-9F41-F2014773DE72}.Release|Mixed Platforms.ActiveCfg = Release|Any CPU
		{77E3C5AE-75D4-422C-9F41-F2014773DE72}.Release|Mixed Platforms.Build.0 = Release|Any CPU
		{77E3C5AE-75D4-422C-9F41-F2014773DE72}.Release|Mixed Platforms.Deploy.0 = Release|Any CPU
		{77E3C5AE-75D4-422C-9F41-F2014773DE72}.Release|x86.ActiveCfg = Release|Any CPU
	EndGlobalSection
	GlobalSection(SolutionProperties) = preSolution
		HideSolutionNode = FALSE
	EndGlobalSection
EndGlobal
