
Microsoft Visual Studio Solution File, Format Version 12.00
# Visual Studio 2012
Project("{FAE04EC0-301F-11D3-BF4B-00C04F79EFBC}") = "Shared.Android", "Shared\Shared.Android.csproj", "{43D70D0D-46F8-425D-A321-C6A355239F55}"
EndProject
Project("{FAE04EC0-301F-11D3-BF4B-00C04F79EFBC}") = "Shared.iOS", "Shared\Shared.iOS.csproj", "{DA85D4CB-4021-440B-A36C-B90880A17B27}"
EndProject
Project("{FAE04EC0-301F-11D3-BF4B-00C04F79EFBC}") = "Shared.W8", "Shared\Shared.W8.csproj", "{801C7EFA-CA80-4CB5-B3E7-F9917C9BB3C2}"
EndProject
Project("{FAE04EC0-301F-11D3-BF4B-00C04F79EFBC}") = "Shared.WP8", "Shared\Shared.WP8.csproj", "{6FAE79F1-E9C7-4A05-B00C-B50D492CEBA7}"
EndProject
Project("{FAE04EC0-301F-11D3-BF4B-00C04F79EFBC}") = "SharedDemo.Android", "SharedDemo.Android\SharedDemo.Android.csproj", "{F9B2FB5D-E5C9-4038-96DB-7428A78DF8FE}"
EndProject
Project("{FAE04EC0-301F-11D3-BF4B-00C04F79EFBC}") = "SharedDemo.iOS", "SharedDemo.iOS\SharedDemo.iOS.csproj", "{CF412605-38B3-42F0-9374-58A34721D7AF}"
EndProject
Project("{FAE04EC0-301F-11D3-BF4B-00C04F79EFBC}") = "SharedDemo.W8", "SharedDemo.W8\SharedDemo.W8.csproj", "{61D53762-F148-49AE-8C94-9E07B576DB45}"
EndProject
Project("{FAE04EC0-301F-11D3-BF4B-00C04F79EFBC}") = "SharedDemos.wp8", "SharedDemos.wp8\SharedDemos.wp8.csproj", "{022E86A4-935A-4F6D-8BE6-6E4DA7A65026}"
EndProject
Project("{2150E333-8FDC-42A3-9474-1A3956D46DE8}") = "SharedCode", "SharedCode", "{858CA9CA-D1D8-4CEC-8DA9-77554F58BFF2}"
EndProject
Global
	GlobalSection(SolutionConfigurationPlatforms) = preSolution
		Ad-Hoc|Any CPU = Ad-Hoc|Any CPU
		Ad-Hoc|ARM = Ad-Hoc|ARM
		Ad-Hoc|iPhone = Ad-Hoc|iPhone
		Ad-Hoc|iPhoneSimulator = Ad-Hoc|iPhoneSimulator
		Ad-Hoc|Mixed Platforms = Ad-Hoc|Mixed Platforms
		Ad-Hoc|x64 = Ad-Hoc|x64
		Ad-Hoc|x86 = Ad-Hoc|x86
		AppStore|Any CPU = AppStore|Any CPU
		AppStore|ARM = AppStore|ARM
		AppStore|iPhone = AppStore|iPhone
		AppStore|iPhoneSimulator = AppStore|iPhoneSimulator
		AppStore|Mixed Platforms = AppStore|Mixed Platforms
		AppStore|x64 = AppStore|x64
		AppStore|x86 = AppStore|x86
		Debug|Any CPU = Debug|Any CPU
		Debug|ARM = Debug|ARM
		Debug|iPhone = Debug|iPhone
		Debug|iPhoneSimulator = Debug|iPhoneSimulator
		Debug|Mixed Platforms = Debug|Mixed Platforms
		Debug|x64 = Debug|x64
		Debug|x86 = Debug|x86
		Release|Any CPU = Release|Any CPU
		Release|ARM = Release|ARM
		Release|iPhone = Release|iPhone
		Release|iPhoneSimulator = Release|iPhoneSimulator
		Release|Mixed Platforms = Release|Mixed Platforms
		Release|x64 = Release|x64
		Release|x86 = Release|x86
	EndGlobalSection
	GlobalSection(ProjectConfigurationPlatforms) = postSolution
		{43D70D0D-46F8-425D-A321-C6A355239F55}.Ad-Hoc|Any CPU.ActiveCfg = Release|Any CPU
		{43D70D0D-46F8-425D-A321-C6A355239F55}.Ad-Hoc|Any CPU.Build.0 = Release|Any CPU
		{43D70D0D-46F8-425D-A321-C6A355239F55}.Ad-Hoc|ARM.ActiveCfg = Release|Any CPU
		{43D70D0D-46F8-425D-A321-C6A355239F55}.Ad-Hoc|iPhone.ActiveCfg = Release|Any CPU
		{43D70D0D-46F8-425D-A321-C6A355239F55}.Ad-Hoc|iPhoneSimulator.ActiveCfg = Release|Any CPU
		{43D70D0D-46F8-425D-A321-C6A355239F55}.Ad-Hoc|Mixed Platforms.ActiveCfg = Release|Any CPU
		{43D70D0D-46F8-425D-A321-C6A355239F55}.Ad-Hoc|Mixed Platforms.Build.0 = Release|Any CPU
		{43D70D0D-46F8-425D-A321-C6A355239F55}.Ad-Hoc|x64.ActiveCfg = Release|Any CPU
		{43D70D0D-46F8-425D-A321-C6A355239F55}.Ad-Hoc|x86.ActiveCfg = Release|Any CPU
		{43D70D0D-46F8-425D-A321-C6A355239F55}.AppStore|Any CPU.ActiveCfg = Release|Any CPU
		{43D70D0D-46F8-425D-A321-C6A355239F55}.AppStore|Any CPU.Build.0 = Release|Any CPU
		{43D70D0D-46F8-425D-A321-C6A355239F55}.AppStore|ARM.ActiveCfg = Release|Any CPU
		{43D70D0D-46F8-425D-A321-C6A355239F55}.AppStore|iPhone.ActiveCfg = Release|Any CPU
		{43D70D0D-46F8-425D-A321-C6A355239F55}.AppStore|iPhoneSimulator.ActiveCfg = Release|Any CPU
		{43D70D0D-46F8-425D-A321-C6A355239F55}.AppStore|Mixed Platforms.ActiveCfg = Release|Any CPU
		{43D70D0D-46F8-425D-A321-C6A355239F55}.AppStore|Mixed Platforms.Build.0 = Release|Any CPU
		{43D70D0D-46F8-425D-A321-C6A355239F55}.AppStore|x64.ActiveCfg = Release|Any CPU
		{43D70D0D-46F8-425D-A321-C6A355239F55}.AppStore|x86.ActiveCfg = Release|Any CPU
		{43D70D0D-46F8-425D-A321-C6A355239F55}.Debug|Any CPU.ActiveCfg = Debug|Any CPU
		{43D70D0D-46F8-425D-A321-C6A355239F55}.Debug|Any CPU.Build.0 = Debug|Any CPU
		{43D70D0D-46F8-425D-A321-C6A355239F55}.Debug|ARM.ActiveCfg = Debug|Any CPU
		{43D70D0D-46F8-425D-A321-C6A355239F55}.Debug|iPhone.ActiveCfg = Debug|Any CPU
		{43D70D0D-46F8-425D-A321-C6A355239F55}.Debug|iPhoneSimulator.ActiveCfg = Debug|Any CPU
		{43D70D0D-46F8-425D-A321-C6A355239F55}.Debug|Mixed Platforms.ActiveCfg = Debug|Any CPU
		{43D70D0D-46F8-425D-A321-C6A355239F55}.Debug|Mixed Platforms.Build.0 = Debug|Any CPU
		{43D70D0D-46F8-425D-A321-C6A355239F55}.Debug|x64.ActiveCfg = Debug|Any CPU
		{43D70D0D-46F8-425D-A321-C6A355239F55}.Debug|x86.ActiveCfg = Debug|Any CPU
		{43D70D0D-46F8-425D-A321-C6A355239F55}.Release|Any CPU.ActiveCfg = Release|Any CPU
		{43D70D0D-46F8-425D-A321-C6A355239F55}.Release|Any CPU.Build.0 = Release|Any CPU
		{43D70D0D-46F8-425D-A321-C6A355239F55}.Release|ARM.ActiveCfg = Release|Any CPU
		{43D70D0D-46F8-425D-A321-C6A355239F55}.Release|iPhone.ActiveCfg = Release|Any CPU
		{43D70D0D-46F8-425D-A321-C6A355239F55}.Release|iPhoneSimulator.ActiveCfg = Release|Any CPU
		{43D70D0D-46F8-425D-A321-C6A355239F55}.Release|Mixed Platforms.ActiveCfg = Release|Any CPU
		{43D70D0D-46F8-425D-A321-C6A355239F55}.Release|Mixed Platforms.Build.0 = Release|Any CPU
		{43D70D0D-46F8-425D-A321-C6A355239F55}.Release|x64.ActiveCfg = Release|Any CPU
		{43D70D0D-46F8-425D-A321-C6A355239F55}.Release|x86.ActiveCfg = Release|Any CPU
		{DA85D4CB-4021-440B-A36C-B90880A17B27}.Ad-Hoc|Any CPU.ActiveCfg = Ad-Hoc|iPhone
		{DA85D4CB-4021-440B-A36C-B90880A17B27}.Ad-Hoc|ARM.ActiveCfg = Ad-Hoc|iPhone
		{DA85D4CB-4021-440B-A36C-B90880A17B27}.Ad-Hoc|iPhone.ActiveCfg = Ad-Hoc|iPhone
		{DA85D4CB-4021-440B-A36C-B90880A17B27}.Ad-Hoc|iPhone.Build.0 = Ad-Hoc|iPhone
		{DA85D4CB-4021-440B-A36C-B90880A17B27}.Ad-Hoc|iPhoneSimulator.ActiveCfg = Ad-Hoc|iPhoneSimulator
		{DA85D4CB-4021-440B-A36C-B90880A17B27}.Ad-Hoc|iPhoneSimulator.Build.0 = Ad-Hoc|iPhoneSimulator
		{DA85D4CB-4021-440B-A36C-B90880A17B27}.Ad-Hoc|Mixed Platforms.ActiveCfg = Ad-Hoc|iPhone
		{DA85D4CB-4021-440B-A36C-B90880A17B27}.Ad-Hoc|Mixed Platforms.Build.0 = Ad-Hoc|iPhone
		{DA85D4CB-4021-440B-A36C-B90880A17B27}.Ad-Hoc|x64.ActiveCfg = Ad-Hoc|iPhone
		{DA85D4CB-4021-440B-A36C-B90880A17B27}.Ad-Hoc|x86.ActiveCfg = Ad-Hoc|iPhone
		{DA85D4CB-4021-440B-A36C-B90880A17B27}.AppStore|Any CPU.ActiveCfg = AppStore|iPhone
		{DA85D4CB-4021-440B-A36C-B90880A17B27}.AppStore|ARM.ActiveCfg = AppStore|iPhone
		{DA85D4CB-4021-440B-A36C-B90880A17B27}.AppStore|iPhone.ActiveCfg = AppStore|iPhone
		{DA85D4CB-4021-440B-A36C-B90880A17B27}.AppStore|iPhone.Build.0 = AppStore|iPhone
		{DA85D4CB-4021-440B-A36C-B90880A17B27}.AppStore|iPhoneSimulator.ActiveCfg = AppStore|iPhoneSimulator
		{DA85D4CB-4021-440B-A36C-B90880A17B27}.AppStore|iPhoneSimulator.Build.0 = AppStore|iPhoneSimulator
		{DA85D4CB-4021-440B-A36C-B90880A17B27}.AppStore|Mixed Platforms.ActiveCfg = AppStore|iPhone
		{DA85D4CB-4021-440B-A36C-B90880A17B27}.AppStore|Mixed Platforms.Build.0 = AppStore|iPhone
		{DA85D4CB-4021-440B-A36C-B90880A17B27}.AppStore|x64.ActiveCfg = AppStore|iPhone
		{DA85D4CB-4021-440B-A36C-B90880A17B27}.AppStore|x86.ActiveCfg = AppStore|iPhone
		{DA85D4CB-4021-440B-A36C-B90880A17B27}.Debug|Any CPU.ActiveCfg = Debug|iPhone
		{DA85D4CB-4021-440B-A36C-B90880A17B27}.Debug|ARM.ActiveCfg = Debug|iPhone
		{DA85D4CB-4021-440B-A36C-B90880A17B27}.Debug|iPhone.ActiveCfg = Debug|iPhone
		{DA85D4CB-4021-440B-A36C-B90880A17B27}.Debug|iPhone.Build.0 = Debug|iPhone
		{DA85D4CB-4021-440B-A36C-B90880A17B27}.Debug|iPhoneSimulator.ActiveCfg = Debug|iPhoneSimulator
		{DA85D4CB-4021-440B-A36C-B90880A17B27}.Debug|iPhoneSimulator.Build.0 = Debug|iPhoneSimulator
		{DA85D4CB-4021-440B-A36C-B90880A17B27}.Debug|Mixed Platforms.ActiveCfg = Debug|iPhone
		{DA85D4CB-4021-440B-A36C-B90880A17B27}.Debug|Mixed Platforms.Build.0 = Debug|iPhone
		{DA85D4CB-4021-440B-A36C-B90880A17B27}.Debug|x64.ActiveCfg = Debug|iPhone
		{DA85D4CB-4021-440B-A36C-B90880A17B27}.Debug|x86.ActiveCfg = Debug|iPhone
		{DA85D4CB-4021-440B-A36C-B90880A17B27}.Release|Any CPU.ActiveCfg = Release|iPhone
		{DA85D4CB-4021-440B-A36C-B90880A17B27}.Release|ARM.ActiveCfg = Release|iPhone
		{DA85D4CB-4021-440B-A36C-B90880A17B27}.Release|iPhone.ActiveCfg = Release|iPhone
		{DA85D4CB-4021-440B-A36C-B90880A17B27}.Release|iPhone.Build.0 = Release|iPhone
		{DA85D4CB-4021-440B-A36C-B90880A17B27}.Release|iPhoneSimulator.ActiveCfg = Release|iPhoneSimulator
		{DA85D4CB-4021-440B-A36C-B90880A17B27}.Release|iPhoneSimulator.Build.0 = Release|iPhoneSimulator
		{DA85D4CB-4021-440B-A36C-B90880A17B27}.Release|Mixed Platforms.ActiveCfg = Release|iPhone
		{DA85D4CB-4021-440B-A36C-B90880A17B27}.Release|Mixed Platforms.Build.0 = Release|iPhone
		{DA85D4CB-4021-440B-A36C-B90880A17B27}.Release|x64.ActiveCfg = Release|iPhone
		{DA85D4CB-4021-440B-A36C-B90880A17B27}.Release|x86.ActiveCfg = Release|iPhone
		{801C7EFA-CA80-4CB5-B3E7-F9917C9BB3C2}.Ad-Hoc|Any CPU.ActiveCfg = Release|Any CPU
		{801C7EFA-CA80-4CB5-B3E7-F9917C9BB3C2}.Ad-Hoc|Any CPU.Build.0 = Release|Any CPU
		{801C7EFA-CA80-4CB5-B3E7-F9917C9BB3C2}.Ad-Hoc|ARM.ActiveCfg = Release|ARM
		{801C7EFA-CA80-4CB5-B3E7-F9917C9BB3C2}.Ad-Hoc|ARM.Build.0 = Release|ARM
		{801C7EFA-CA80-4CB5-B3E7-F9917C9BB3C2}.Ad-Hoc|iPhone.ActiveCfg = Release|Any CPU
		{801C7EFA-CA80-4CB5-B3E7-F9917C9BB3C2}.Ad-Hoc|iPhoneSimulator.ActiveCfg = Release|Any CPU
		{801C7EFA-CA80-4CB5-B3E7-F9917C9BB3C2}.Ad-Hoc|Mixed Platforms.ActiveCfg = Release|x86
		{801C7EFA-CA80-4CB5-B3E7-F9917C9BB3C2}.Ad-Hoc|Mixed Platforms.Build.0 = Release|x86
		{801C7EFA-CA80-4CB5-B3E7-F9917C9BB3C2}.Ad-Hoc|x64.ActiveCfg = Release|x64
		{801C7EFA-CA80-4CB5-B3E7-F9917C9BB3C2}.Ad-Hoc|x64.Build.0 = Release|x64
		{801C7EFA-CA80-4CB5-B3E7-F9917C9BB3C2}.Ad-Hoc|x86.ActiveCfg = Release|x86
		{801C7EFA-CA80-4CB5-B3E7-F9917C9BB3C2}.Ad-Hoc|x86.Build.0 = Release|x86
		{801C7EFA-CA80-4CB5-B3E7-F9917C9BB3C2}.AppStore|Any CPU.ActiveCfg = Release|Any CPU
		{801C7EFA-CA80-4CB5-B3E7-F9917C9BB3C2}.AppStore|Any CPU.Build.0 = Release|Any CPU
		{801C7EFA-CA80-4CB5-B3E7-F9917C9BB3C2}.AppStore|ARM.ActiveCfg = Release|ARM
		{801C7EFA-CA80-4CB5-B3E7-F9917C9BB3C2}.AppStore|ARM.Build.0 = Release|ARM
		{801C7EFA-CA80-4CB5-B3E7-F9917C9BB3C2}.AppStore|iPhone.ActiveCfg = Release|Any CPU
		{801C7EFA-CA80-4CB5-B3E7-F9917C9BB3C2}.AppStore|iPhoneSimulator.ActiveCfg = Release|Any CPU
		{801C7EFA-CA80-4CB5-B3E7-F9917C9BB3C2}.AppStore|Mixed Platforms.ActiveCfg = Release|x86
		{801C7EFA-CA80-4CB5-B3E7-F9917C9BB3C2}.AppStore|Mixed Platforms.Build.0 = Release|x86
		{801C7EFA-CA80-4CB5-B3E7-F9917C9BB3C2}.AppStore|x64.ActiveCfg = Release|x64
		{801C7EFA-CA80-4CB5-B3E7-F9917C9BB3C2}.AppStore|x64.Build.0 = Release|x64
		{801C7EFA-CA80-4CB5-B3E7-F9917C9BB3C2}.AppStore|x86.ActiveCfg = Release|x86
		{801C7EFA-CA80-4CB5-B3E7-F9917C9BB3C2}.AppStore|x86.Build.0 = Release|x86
		{801C7EFA-CA80-4CB5-B3E7-F9917C9BB3C2}.Debug|Any CPU.ActiveCfg = Debug|Any CPU
		{801C7EFA-CA80-4CB5-B3E7-F9917C9BB3C2}.Debug|Any CPU.Build.0 = Debug|Any CPU
		{801C7EFA-CA80-4CB5-B3E7-F9917C9BB3C2}.Debug|ARM.ActiveCfg = Debug|ARM
		{801C7EFA-CA80-4CB5-B3E7-F9917C9BB3C2}.Debug|ARM.Build.0 = Debug|ARM
		{801C7EFA-CA80-4CB5-B3E7-F9917C9BB3C2}.Debug|iPhone.ActiveCfg = Debug|Any CPU
		{801C7EFA-CA80-4CB5-B3E7-F9917C9BB3C2}.Debug|iPhoneSimulator.ActiveCfg = Debug|Any CPU
		{801C7EFA-CA80-4CB5-B3E7-F9917C9BB3C2}.Debug|Mixed Platforms.ActiveCfg = Debug|x86
		{801C7EFA-CA80-4CB5-B3E7-F9917C9BB3C2}.Debug|Mixed Platforms.Build.0 = Debug|x86
		{801C7EFA-CA80-4CB5-B3E7-F9917C9BB3C2}.Debug|x64.ActiveCfg = Debug|x64
		{801C7EFA-CA80-4CB5-B3E7-F9917C9BB3C2}.Debug|x64.Build.0 = Debug|x64
		{801C7EFA-CA80-4CB5-B3E7-F9917C9BB3C2}.Debug|x86.ActiveCfg = Debug|x86
		{801C7EFA-CA80-4CB5-B3E7-F9917C9BB3C2}.Debug|x86.Build.0 = Debug|x86
		{801C7EFA-CA80-4CB5-B3E7-F9917C9BB3C2}.Release|Any CPU.ActiveCfg = Release|Any CPU
		{801C7EFA-CA80-4CB5-B3E7-F9917C9BB3C2}.Release|Any CPU.Build.0 = Release|Any CPU
		{801C7EFA-CA80-4CB5-B3E7-F9917C9BB3C2}.Release|ARM.ActiveCfg = Release|ARM
		{801C7EFA-CA80-4CB5-B3E7-F9917C9BB3C2}.Release|ARM.Build.0 = Release|ARM
		{801C7EFA-CA80-4CB5-B3E7-F9917C9BB3C2}.Release|iPhone.ActiveCfg = Release|Any CPU
		{801C7EFA-CA80-4CB5-B3E7-F9917C9BB3C2}.Release|iPhoneSimulator.ActiveCfg = Release|Any CPU
		{801C7EFA-CA80-4CB5-B3E7-F9917C9BB3C2}.Release|Mixed Platforms.ActiveCfg = Release|x86
		{801C7EFA-CA80-4CB5-B3E7-F9917C9BB3C2}.Release|Mixed Platforms.Build.0 = Release|x86
		{801C7EFA-CA80-4CB5-B3E7-F9917C9BB3C2}.Release|x64.ActiveCfg = Release|x64
		{801C7EFA-CA80-4CB5-B3E7-F9917C9BB3C2}.Release|x64.Build.0 = Release|x64
		{801C7EFA-CA80-4CB5-B3E7-F9917C9BB3C2}.Release|x86.ActiveCfg = Release|x86
		{801C7EFA-CA80-4CB5-B3E7-F9917C9BB3C2}.Release|x86.Build.0 = Release|x86
		{6FAE79F1-E9C7-4A05-B00C-B50D492CEBA7}.Ad-Hoc|Any CPU.ActiveCfg = Release|Any CPU
		{6FAE79F1-E9C7-4A05-B00C-B50D492CEBA7}.Ad-Hoc|Any CPU.Build.0 = Release|Any CPU
		{6FAE79F1-E9C7-4A05-B00C-B50D492CEBA7}.Ad-Hoc|ARM.ActiveCfg = Release|ARM
		{6FAE79F1-E9C7-4A05-B00C-B50D492CEBA7}.Ad-Hoc|ARM.Build.0 = Release|ARM
		{6FAE79F1-E9C7-4A05-B00C-B50D492CEBA7}.Ad-Hoc|iPhone.ActiveCfg = Release|Any CPU
		{6FAE79F1-E9C7-4A05-B00C-B50D492CEBA7}.Ad-Hoc|iPhoneSimulator.ActiveCfg = Release|Any CPU
		{6FAE79F1-E9C7-4A05-B00C-B50D492CEBA7}.Ad-Hoc|Mixed Platforms.ActiveCfg = Release|x86
		{6FAE79F1-E9C7-4A05-B00C-B50D492CEBA7}.Ad-Hoc|Mixed Platforms.Build.0 = Release|x86
		{6FAE79F1-E9C7-4A05-B00C-B50D492CEBA7}.Ad-Hoc|x64.ActiveCfg = Release|Any CPU
		{6FAE79F1-E9C7-4A05-B00C-B50D492CEBA7}.Ad-Hoc|x86.ActiveCfg = Release|x86
		{6FAE79F1-E9C7-4A05-B00C-B50D492CEBA7}.Ad-Hoc|x86.Build.0 = Release|x86
		{6FAE79F1-E9C7-4A05-B00C-B50D492CEBA7}.AppStore|Any CPU.ActiveCfg = Release|Any CPU
		{6FAE79F1-E9C7-4A05-B00C-B50D492CEBA7}.AppStore|Any CPU.Build.0 = Release|Any CPU
		{6FAE79F1-E9C7-4A05-B00C-B50D492CEBA7}.AppStore|ARM.ActiveCfg = Release|ARM
		{6FAE79F1-E9C7-4A05-B00C-B50D492CEBA7}.AppStore|ARM.Build.0 = Release|ARM
		{6FAE79F1-E9C7-4A05-B00C-B50D492CEBA7}.AppStore|iPhone.ActiveCfg = Release|Any CPU
		{6FAE79F1-E9C7-4A05-B00C-B50D492CEBA7}.AppStore|iPhoneSimulator.ActiveCfg = Release|Any CPU
		{6FAE79F1-E9C7-4A05-B00C-B50D492CEBA7}.AppStore|Mixed Platforms.ActiveCfg = Release|x86
		{6FAE79F1-E9C7-4A05-B00C-B50D492CEBA7}.AppStore|Mixed Platforms.Build.0 = Release|x86
		{6FAE79F1-E9C7-4A05-B00C-B50D492CEBA7}.AppStore|x64.ActiveCfg = Release|Any CPU
		{6FAE79F1-E9C7-4A05-B00C-B50D492CEBA7}.AppStore|x86.ActiveCfg = Release|x86
		{6FAE79F1-E9C7-4A05-B00C-B50D492CEBA7}.AppStore|x86.Build.0 = Release|x86
		{6FAE79F1-E9C7-4A05-B00C-B50D492CEBA7}.Debug|Any CPU.ActiveCfg = Debug|Any CPU
		{6FAE79F1-E9C7-4A05-B00C-B50D492CEBA7}.Debug|Any CPU.Build.0 = Debug|Any CPU
		{6FAE79F1-E9C7-4A05-B00C-B50D492CEBA7}.Debug|ARM.ActiveCfg = Debug|ARM
		{6FAE79F1-E9C7-4A05-B00C-B50D492CEBA7}.Debug|ARM.Build.0 = Debug|ARM
		{6FAE79F1-E9C7-4A05-B00C-B50D492CEBA7}.Debug|iPhone.ActiveCfg = Debug|Any CPU
		{6FAE79F1-E9C7-4A05-B00C-B50D492CEBA7}.Debug|iPhoneSimulator.ActiveCfg = Debug|Any CPU
		{6FAE79F1-E9C7-4A05-B00C-B50D492CEBA7}.Debug|Mixed Platforms.ActiveCfg = Debug|x86
		{6FAE79F1-E9C7-4A05-B00C-B50D492CEBA7}.Debug|Mixed Platforms.Build.0 = Debug|x86
		{6FAE79F1-E9C7-4A05-B00C-B50D492CEBA7}.Debug|x64.ActiveCfg = Debug|Any CPU
		{6FAE79F1-E9C7-4A05-B00C-B50D492CEBA7}.Debug|x86.ActiveCfg = Debug|x86
		{6FAE79F1-E9C7-4A05-B00C-B50D492CEBA7}.Debug|x86.Build.0 = Debug|x86
		{6FAE79F1-E9C7-4A05-B00C-B50D492CEBA7}.Release|Any CPU.ActiveCfg = Release|Any CPU
		{6FAE79F1-E9C7-4A05-B00C-B50D492CEBA7}.Release|Any CPU.Build.0 = Release|Any CPU
		{6FAE79F1-E9C7-4A05-B00C-B50D492CEBA7}.Release|ARM.ActiveCfg = Release|ARM
		{6FAE79F1-E9C7-4A05-B00C-B50D492CEBA7}.Release|ARM.Build.0 = Release|ARM
		{6FAE79F1-E9C7-4A05-B00C-B50D492CEBA7}.Release|iPhone.ActiveCfg = Release|Any CPU
		{6FAE79F1-E9C7-4A05-B00C-B50D492CEBA7}.Release|iPhoneSimulator.ActiveCfg = Release|Any CPU
		{6FAE79F1-E9C7-4A05-B00C-B50D492CEBA7}.Release|Mixed Platforms.ActiveCfg = Release|x86
		{6FAE79F1-E9C7-4A05-B00C-B50D492CEBA7}.Release|Mixed Platforms.Build.0 = Release|x86
		{6FAE79F1-E9C7-4A05-B00C-B50D492CEBA7}.Release|x64.ActiveCfg = Release|Any CPU
		{6FAE79F1-E9C7-4A05-B00C-B50D492CEBA7}.Release|x86.ActiveCfg = Release|x86
		{6FAE79F1-E9C7-4A05-B00C-B50D492CEBA7}.Release|x86.Build.0 = Release|x86
		{F9B2FB5D-E5C9-4038-96DB-7428A78DF8FE}.Ad-Hoc|Any CPU.ActiveCfg = Release|Any CPU
		{F9B2FB5D-E5C9-4038-96DB-7428A78DF8FE}.Ad-Hoc|Any CPU.Build.0 = Release|Any CPU
		{F9B2FB5D-E5C9-4038-96DB-7428A78DF8FE}.Ad-Hoc|Any CPU.Deploy.0 = Release|Any CPU
		{F9B2FB5D-E5C9-4038-96DB-7428A78DF8FE}.Ad-Hoc|ARM.ActiveCfg = Release|Any CPU
		{F9B2FB5D-E5C9-4038-96DB-7428A78DF8FE}.Ad-Hoc|iPhone.ActiveCfg = Release|Any CPU
		{F9B2FB5D-E5C9-4038-96DB-7428A78DF8FE}.Ad-Hoc|iPhoneSimulator.ActiveCfg = Release|Any CPU
		{F9B2FB5D-E5C9-4038-96DB-7428A78DF8FE}.Ad-Hoc|Mixed Platforms.ActiveCfg = Release|Any CPU
		{F9B2FB5D-E5C9-4038-96DB-7428A78DF8FE}.Ad-Hoc|Mixed Platforms.Build.0 = Release|Any CPU
		{F9B2FB5D-E5C9-4038-96DB-7428A78DF8FE}.Ad-Hoc|Mixed Platforms.Deploy.0 = Release|Any CPU
		{F9B2FB5D-E5C9-4038-96DB-7428A78DF8FE}.Ad-Hoc|x64.ActiveCfg = Release|Any CPU
		{F9B2FB5D-E5C9-4038-96DB-7428A78DF8FE}.Ad-Hoc|x86.ActiveCfg = Release|Any CPU
		{F9B2FB5D-E5C9-4038-96DB-7428A78DF8FE}.AppStore|Any CPU.ActiveCfg = Release|Any CPU
		{F9B2FB5D-E5C9-4038-96DB-7428A78DF8FE}.AppStore|Any CPU.Build.0 = Release|Any CPU
		{F9B2FB5D-E5C9-4038-96DB-7428A78DF8FE}.AppStore|Any CPU.Deploy.0 = Release|Any CPU
		{F9B2FB5D-E5C9-4038-96DB-7428A78DF8FE}.AppStore|ARM.ActiveCfg = Release|Any CPU
		{F9B2FB5D-E5C9-4038-96DB-7428A78DF8FE}.AppStore|iPhone.ActiveCfg = Release|Any CPU
		{F9B2FB5D-E5C9-4038-96DB-7428A78DF8FE}.AppStore|iPhoneSimulator.ActiveCfg = Release|Any CPU
		{F9B2FB5D-E5C9-4038-96DB-7428A78DF8FE}.AppStore|Mixed Platforms.ActiveCfg = Release|Any CPU
		{F9B2FB5D-E5C9-4038-96DB-7428A78DF8FE}.AppStore|Mixed Platforms.Build.0 = Release|Any CPU
		{F9B2FB5D-E5C9-4038-96DB-7428A78DF8FE}.AppStore|Mixed Platforms.Deploy.0 = Release|Any CPU
		{F9B2FB5D-E5C9-4038-96DB-7428A78DF8FE}.AppStore|x64.ActiveCfg = Release|Any CPU
		{F9B2FB5D-E5C9-4038-96DB-7428A78DF8FE}.AppStore|x86.ActiveCfg = Release|Any CPU
		{F9B2FB5D-E5C9-4038-96DB-7428A78DF8FE}.Debug|Any CPU.ActiveCfg = Debug|Any CPU
		{F9B2FB5D-E5C9-4038-96DB-7428A78DF8FE}.Debug|Any CPU.Build.0 = Debug|Any CPU
		{F9B2FB5D-E5C9-4038-96DB-7428A78DF8FE}.Debug|Any CPU.Deploy.0 = Debug|Any CPU
		{F9B2FB5D-E5C9-4038-96DB-7428A78DF8FE}.Debug|ARM.ActiveCfg = Debug|Any CPU
		{F9B2FB5D-E5C9-4038-96DB-7428A78DF8FE}.Debug|iPhone.ActiveCfg = Debug|Any CPU
		{F9B2FB5D-E5C9-4038-96DB-7428A78DF8FE}.Debug|iPhoneSimulator.ActiveCfg = Debug|Any CPU
		{F9B2FB5D-E5C9-4038-96DB-7428A78DF8FE}.Debug|Mixed Platforms.ActiveCfg = Debug|Any CPU
		{F9B2FB5D-E5C9-4038-96DB-7428A78DF8FE}.Debug|Mixed Platforms.Build.0 = Debug|Any CPU
		{F9B2FB5D-E5C9-4038-96DB-7428A78DF8FE}.Debug|Mixed Platforms.Deploy.0 = Debug|Any CPU
		{F9B2FB5D-E5C9-4038-96DB-7428A78DF8FE}.Debug|x64.ActiveCfg = Debug|Any CPU
		{F9B2FB5D-E5C9-4038-96DB-7428A78DF8FE}.Debug|x86.ActiveCfg = Debug|Any CPU
		{F9B2FB5D-E5C9-4038-96DB-7428A78DF8FE}.Release|Any CPU.ActiveCfg = Release|Any CPU
		{F9B2FB5D-E5C9-4038-96DB-7428A78DF8FE}.Release|Any CPU.Build.0 = Release|Any CPU
		{F9B2FB5D-E5C9-4038-96DB-7428A78DF8FE}.Release|Any CPU.Deploy.0 = Release|Any CPU
		{F9B2FB5D-E5C9-4038-96DB-7428A78DF8FE}.Release|ARM.ActiveCfg = Release|Any CPU
		{F9B2FB5D-E5C9-4038-96DB-7428A78DF8FE}.Release|iPhone.ActiveCfg = Release|Any CPU
		{F9B2FB5D-E5C9-4038-96DB-7428A78DF8FE}.Release|iPhoneSimulator.ActiveCfg = Release|Any CPU
		{F9B2FB5D-E5C9-4038-96DB-7428A78DF8FE}.Release|Mixed Platforms.ActiveCfg = Release|Any CPU
		{F9B2FB5D-E5C9-4038-96DB-7428A78DF8FE}.Release|Mixed Platforms.Build.0 = Release|Any CPU
		{F9B2FB5D-E5C9-4038-96DB-7428A78DF8FE}.Release|Mixed Platforms.Deploy.0 = Release|Any CPU
		{F9B2FB5D-E5C9-4038-96DB-7428A78DF8FE}.Release|x64.ActiveCfg = Release|Any CPU
		{F9B2FB5D-E5C9-4038-96DB-7428A78DF8FE}.Release|x86.ActiveCfg = Release|Any CPU
		{CF412605-38B3-42F0-9374-58A34721D7AF}.Ad-Hoc|Any CPU.ActiveCfg = Ad-Hoc|iPhone
		{CF412605-38B3-42F0-9374-58A34721D7AF}.Ad-Hoc|ARM.ActiveCfg = Ad-Hoc|iPhone
		{CF412605-38B3-42F0-9374-58A34721D7AF}.Ad-Hoc|iPhone.ActiveCfg = Ad-Hoc|iPhone
		{CF412605-38B3-42F0-9374-58A34721D7AF}.Ad-Hoc|iPhone.Build.0 = Ad-Hoc|iPhone
		{CF412605-38B3-42F0-9374-58A34721D7AF}.Ad-Hoc|iPhoneSimulator.ActiveCfg = Ad-Hoc|iPhoneSimulator
		{CF412605-38B3-42F0-9374-58A34721D7AF}.Ad-Hoc|iPhoneSimulator.Build.0 = Ad-Hoc|iPhoneSimulator
		{CF412605-38B3-42F0-9374-58A34721D7AF}.Ad-Hoc|Mixed Platforms.ActiveCfg = Ad-Hoc|iPhone
		{CF412605-38B3-42F0-9374-58A34721D7AF}.Ad-Hoc|Mixed Platforms.Build.0 = Ad-Hoc|iPhone
		{CF412605-38B3-42F0-9374-58A34721D7AF}.Ad-Hoc|x64.ActiveCfg = Ad-Hoc|iPhone
		{CF412605-38B3-42F0-9374-58A34721D7AF}.Ad-Hoc|x86.ActiveCfg = Ad-Hoc|iPhone
		{CF412605-38B3-42F0-9374-58A34721D7AF}.AppStore|Any CPU.ActiveCfg = AppStore|iPhone
		{CF412605-38B3-42F0-9374-58A34721D7AF}.AppStore|ARM.ActiveCfg = AppStore|iPhone
		{CF412605-38B3-42F0-9374-58A34721D7AF}.AppStore|iPhone.ActiveCfg = AppStore|iPhone
		{CF412605-38B3-42F0-9374-58A34721D7AF}.AppStore|iPhone.Build.0 = AppStore|iPhone
		{CF412605-38B3-42F0-9374-58A34721D7AF}.AppStore|iPhoneSimulator.ActiveCfg = AppStore|iPhoneSimulator
		{CF412605-38B3-42F0-9374-58A34721D7AF}.AppStore|iPhoneSimulator.Build.0 = AppStore|iPhoneSimulator
		{CF412605-38B3-42F0-9374-58A34721D7AF}.AppStore|Mixed Platforms.ActiveCfg = AppStore|iPhone
		{CF412605-38B3-42F0-9374-58A34721D7AF}.AppStore|Mixed Platforms.Build.0 = AppStore|iPhone
		{CF412605-38B3-42F0-9374-58A34721D7AF}.AppStore|x64.ActiveCfg = AppStore|iPhone
		{CF412605-38B3-42F0-9374-58A34721D7AF}.AppStore|x86.ActiveCfg = AppStore|iPhone
		{CF412605-38B3-42F0-9374-58A34721D7AF}.Debug|Any CPU.ActiveCfg = Debug|iPhone
		{CF412605-38B3-42F0-9374-58A34721D7AF}.Debug|ARM.ActiveCfg = Debug|iPhone
		{CF412605-38B3-42F0-9374-58A34721D7AF}.Debug|iPhone.ActiveCfg = Debug|iPhone
		{CF412605-38B3-42F0-9374-58A34721D7AF}.Debug|iPhone.Build.0 = Debug|iPhone
		{CF412605-38B3-42F0-9374-58A34721D7AF}.Debug|iPhoneSimulator.ActiveCfg = Debug|iPhoneSimulator
		{CF412605-38B3-42F0-9374-58A34721D7AF}.Debug|iPhoneSimulator.Build.0 = Debug|iPhoneSimulator
		{CF412605-38B3-42F0-9374-58A34721D7AF}.Debug|Mixed Platforms.ActiveCfg = Debug|iPhone
		{CF412605-38B3-42F0-9374-58A34721D7AF}.Debug|Mixed Platforms.Build.0 = Debug|iPhone
		{CF412605-38B3-42F0-9374-58A34721D7AF}.Debug|x64.ActiveCfg = Debug|iPhone
		{CF412605-38B3-42F0-9374-58A34721D7AF}.Debug|x86.ActiveCfg = Debug|iPhone
		{CF412605-38B3-42F0-9374-58A34721D7AF}.Release|Any CPU.ActiveCfg = Release|iPhone
		{CF412605-38B3-42F0-9374-58A34721D7AF}.Release|ARM.ActiveCfg = Release|iPhone
		{CF412605-38B3-42F0-9374-58A34721D7AF}.Release|iPhone.ActiveCfg = Release|iPhone
		{CF412605-38B3-42F0-9374-58A34721D7AF}.Release|iPhone.Build.0 = Release|iPhone
		{CF412605-38B3-42F0-9374-58A34721D7AF}.Release|iPhoneSimulator.ActiveCfg = Release|iPhoneSimulator
		{CF412605-38B3-42F0-9374-58A34721D7AF}.Release|iPhoneSimulator.Build.0 = Release|iPhoneSimulator
		{CF412605-38B3-42F0-9374-58A34721D7AF}.Release|Mixed Platforms.ActiveCfg = Release|iPhone
		{CF412605-38B3-42F0-9374-58A34721D7AF}.Release|Mixed Platforms.Build.0 = Release|iPhone
		{CF412605-38B3-42F0-9374-58A34721D7AF}.Release|x64.ActiveCfg = Release|iPhone
		{CF412605-38B3-42F0-9374-58A34721D7AF}.Release|x86.ActiveCfg = Release|iPhone
		{61D53762-F148-49AE-8C94-9E07B576DB45}.Ad-Hoc|Any CPU.ActiveCfg = Release|Any CPU
		{61D53762-F148-49AE-8C94-9E07B576DB45}.Ad-Hoc|Any CPU.Build.0 = Release|Any CPU
		{61D53762-F148-49AE-8C94-9E07B576DB45}.Ad-Hoc|Any CPU.Deploy.0 = Release|Any CPU
		{61D53762-F148-49AE-8C94-9E07B576DB45}.Ad-Hoc|ARM.ActiveCfg = Release|ARM
		{61D53762-F148-49AE-8C94-9E07B576DB45}.Ad-Hoc|ARM.Build.0 = Release|ARM
		{61D53762-F148-49AE-8C94-9E07B576DB45}.Ad-Hoc|ARM.Deploy.0 = Release|ARM
		{61D53762-F148-49AE-8C94-9E07B576DB45}.Ad-Hoc|iPhone.ActiveCfg = Release|Any CPU
		{61D53762-F148-49AE-8C94-9E07B576DB45}.Ad-Hoc|iPhoneSimulator.ActiveCfg = Release|Any CPU
		{61D53762-F148-49AE-8C94-9E07B576DB45}.Ad-Hoc|Mixed Platforms.ActiveCfg = Release|x86
		{61D53762-F148-49AE-8C94-9E07B576DB45}.Ad-Hoc|Mixed Platforms.Build.0 = Release|x86
		{61D53762-F148-49AE-8C94-9E07B576DB45}.Ad-Hoc|Mixed Platforms.Deploy.0 = Release|x86
		{61D53762-F148-49AE-8C94-9E07B576DB45}.Ad-Hoc|x64.ActiveCfg = Release|x64
		{61D53762-F148-49AE-8C94-9E07B576DB45}.Ad-Hoc|x64.Build.0 = Release|x64
		{61D53762-F148-49AE-8C94-9E07B576DB45}.Ad-Hoc|x64.Deploy.0 = Release|x64
		{61D53762-F148-49AE-8C94-9E07B576DB45}.Ad-Hoc|x86.ActiveCfg = Release|x86
		{61D53762-F148-49AE-8C94-9E07B576DB45}.Ad-Hoc|x86.Build.0 = Release|x86
		{61D53762-F148-49AE-8C94-9E07B576DB45}.Ad-Hoc|x86.Deploy.0 = Release|x86
		{61D53762-F148-49AE-8C94-9E07B576DB45}.AppStore|Any CPU.ActiveCfg = Release|Any CPU
		{61D53762-F148-49AE-8C94-9E07B576DB45}.AppStore|Any CPU.Build.0 = Release|Any CPU
		{61D53762-F148-49AE-8C94-9E07B576DB45}.AppStore|Any CPU.Deploy.0 = Release|Any CPU
		{61D53762-F148-49AE-8C94-9E07B576DB45}.AppStore|ARM.ActiveCfg = Release|ARM
		{61D53762-F148-49AE-8C94-9E07B576DB45}.AppStore|ARM.Build.0 = Release|ARM
		{61D53762-F148-49AE-8C94-9E07B576DB45}.AppStore|ARM.Deploy.0 = Release|ARM
		{61D53762-F148-49AE-8C94-9E07B576DB45}.AppStore|iPhone.ActiveCfg = Release|Any CPU
		{61D53762-F148-49AE-8C94-9E07B576DB45}.AppStore|iPhoneSimulator.ActiveCfg = Release|Any CPU
		{61D53762-F148-49AE-8C94-9E07B576DB45}.AppStore|Mixed Platforms.ActiveCfg = Release|x86
		{61D53762-F148-49AE-8C94-9E07B576DB45}.AppStore|Mixed Platforms.Build.0 = Release|x86
		{61D53762-F148-49AE-8C94-9E07B576DB45}.AppStore|Mixed Platforms.Deploy.0 = Release|x86
		{61D53762-F148-49AE-8C94-9E07B576DB45}.AppStore|x64.ActiveCfg = Release|x64
		{61D53762-F148-49AE-8C94-9E07B576DB45}.AppStore|x64.Build.0 = Release|x64
		{61D53762-F148-49AE-8C94-9E07B576DB45}.AppStore|x64.Deploy.0 = Release|x64
		{61D53762-F148-49AE-8C94-9E07B576DB45}.AppStore|x86.ActiveCfg = Release|x86
		{61D53762-F148-49AE-8C94-9E07B576DB45}.AppStore|x86.Build.0 = Release|x86
		{61D53762-F148-49AE-8C94-9E07B576DB45}.AppStore|x86.Deploy.0 = Release|x86
		{61D53762-F148-49AE-8C94-9E07B576DB45}.Debug|Any CPU.ActiveCfg = Debug|Any CPU
		{61D53762-F148-49AE-8C94-9E07B576DB45}.Debug|Any CPU.Build.0 = Debug|Any CPU
		{61D53762-F148-49AE-8C94-9E07B576DB45}.Debug|Any CPU.Deploy.0 = Debug|Any CPU
		{61D53762-F148-49AE-8C94-9E07B576DB45}.Debug|ARM.ActiveCfg = Debug|ARM
		{61D53762-F148-49AE-8C94-9E07B576DB45}.Debug|ARM.Build.0 = Debug|ARM
		{61D53762-F148-49AE-8C94-9E07B576DB45}.Debug|ARM.Deploy.0 = Debug|ARM
		{61D53762-F148-49AE-8C94-9E07B576DB45}.Debug|iPhone.ActiveCfg = Debug|Any CPU
		{61D53762-F148-49AE-8C94-9E07B576DB45}.Debug|iPhoneSimulator.ActiveCfg = Debug|Any CPU
		{61D53762-F148-49AE-8C94-9E07B576DB45}.Debug|iPhoneSimulator.Deploy.0 = Debug|Any CPU
		{61D53762-F148-49AE-8C94-9E07B576DB45}.Debug|Mixed Platforms.ActiveCfg = Debug|x86
		{61D53762-F148-49AE-8C94-9E07B576DB45}.Debug|Mixed Platforms.Build.0 = Debug|x86
		{61D53762-F148-49AE-8C94-9E07B576DB45}.Debug|Mixed Platforms.Deploy.0 = Debug|x86
		{61D53762-F148-49AE-8C94-9E07B576DB45}.Debug|x64.ActiveCfg = Debug|x64
		{61D53762-F148-49AE-8C94-9E07B576DB45}.Debug|x64.Build.0 = Debug|x64
		{61D53762-F148-49AE-8C94-9E07B576DB45}.Debug|x64.Deploy.0 = Debug|x64
		{61D53762-F148-49AE-8C94-9E07B576DB45}.Debug|x86.ActiveCfg = Debug|x86
		{61D53762-F148-49AE-8C94-9E07B576DB45}.Debug|x86.Build.0 = Debug|x86
		{61D53762-F148-49AE-8C94-9E07B576DB45}.Debug|x86.Deploy.0 = Debug|x86
		{61D53762-F148-49AE-8C94-9E07B576DB45}.Release|Any CPU.ActiveCfg = Release|Any CPU
		{61D53762-F148-49AE-8C94-9E07B576DB45}.Release|Any CPU.Build.0 = Release|Any CPU
		{61D53762-F148-49AE-8C94-9E07B576DB45}.Release|Any CPU.Deploy.0 = Release|Any CPU
		{61D53762-F148-49AE-8C94-9E07B576DB45}.Release|ARM.ActiveCfg = Release|ARM
		{61D53762-F148-49AE-8C94-9E07B576DB45}.Release|ARM.Build.0 = Release|ARM
		{61D53762-F148-49AE-8C94-9E07B576DB45}.Release|ARM.Deploy.0 = Release|ARM
		{61D53762-F148-49AE-8C94-9E07B576DB45}.Release|iPhone.ActiveCfg = Release|Any CPU
		{61D53762-F148-49AE-8C94-9E07B576DB45}.Release|iPhoneSimulator.ActiveCfg = Release|Any CPU
		{61D53762-F148-49AE-8C94-9E07B576DB45}.Release|Mixed Platforms.ActiveCfg = Release|x86
		{61D53762-F148-49AE-8C94-9E07B576DB45}.Release|Mixed Platforms.Build.0 = Release|x86
		{61D53762-F148-49AE-8C94-9E07B576DB45}.Release|Mixed Platforms.Deploy.0 = Release|x86
		{61D53762-F148-49AE-8C94-9E07B576DB45}.Release|x64.ActiveCfg = Release|x64
		{61D53762-F148-49AE-8C94-9E07B576DB45}.Release|x64.Build.0 = Release|x64
		{61D53762-F148-49AE-8C94-9E07B576DB45}.Release|x64.Deploy.0 = Release|x64
		{61D53762-F148-49AE-8C94-9E07B576DB45}.Release|x86.ActiveCfg = Release|x86
		{61D53762-F148-49AE-8C94-9E07B576DB45}.Release|x86.Build.0 = Release|x86
		{61D53762-F148-49AE-8C94-9E07B576DB45}.Release|x86.Deploy.0 = Release|x86
		{022E86A4-935A-4F6D-8BE6-6E4DA7A65026}.Ad-Hoc|Any CPU.ActiveCfg = Release|Any CPU
		{022E86A4-935A-4F6D-8BE6-6E4DA7A65026}.Ad-Hoc|Any CPU.Build.0 = Release|Any CPU
		{022E86A4-935A-4F6D-8BE6-6E4DA7A65026}.Ad-Hoc|Any CPU.Deploy.0 = Release|Any CPU
		{022E86A4-935A-4F6D-8BE6-6E4DA7A65026}.Ad-Hoc|ARM.ActiveCfg = Release|ARM
		{022E86A4-935A-4F6D-8BE6-6E4DA7A65026}.Ad-Hoc|ARM.Build.0 = Release|ARM
		{022E86A4-935A-4F6D-8BE6-6E4DA7A65026}.Ad-Hoc|ARM.Deploy.0 = Release|ARM
		{022E86A4-935A-4F6D-8BE6-6E4DA7A65026}.Ad-Hoc|iPhone.ActiveCfg = Release|Any CPU
		{022E86A4-935A-4F6D-8BE6-6E4DA7A65026}.Ad-Hoc|iPhoneSimulator.ActiveCfg = Release|Any CPU
		{022E86A4-935A-4F6D-8BE6-6E4DA7A65026}.Ad-Hoc|Mixed Platforms.ActiveCfg = Release|x86
		{022E86A4-935A-4F6D-8BE6-6E4DA7A65026}.Ad-Hoc|Mixed Platforms.Build.0 = Release|x86
		{022E86A4-935A-4F6D-8BE6-6E4DA7A65026}.Ad-Hoc|Mixed Platforms.Deploy.0 = Release|x86
		{022E86A4-935A-4F6D-8BE6-6E4DA7A65026}.Ad-Hoc|x64.ActiveCfg = Release|Any CPU
		{022E86A4-935A-4F6D-8BE6-6E4DA7A65026}.Ad-Hoc|x86.ActiveCfg = Release|x86
		{022E86A4-935A-4F6D-8BE6-6E4DA7A65026}.Ad-Hoc|x86.Build.0 = Release|x86
		{022E86A4-935A-4F6D-8BE6-6E4DA7A65026}.Ad-Hoc|x86.Deploy.0 = Release|x86
		{022E86A4-935A-4F6D-8BE6-6E4DA7A65026}.AppStore|Any CPU.ActiveCfg = Release|Any CPU
		{022E86A4-935A-4F6D-8BE6-6E4DA7A65026}.AppStore|Any CPU.Build.0 = Release|Any CPU
		{022E86A4-935A-4F6D-8BE6-6E4DA7A65026}.AppStore|Any CPU.Deploy.0 = Release|Any CPU
		{022E86A4-935A-4F6D-8BE6-6E4DA7A65026}.AppStore|ARM.ActiveCfg = Release|ARM
		{022E86A4-935A-4F6D-8BE6-6E4DA7A65026}.AppStore|ARM.Build.0 = Release|ARM
		{022E86A4-935A-4F6D-8BE6-6E4DA7A65026}.AppStore|ARM.Deploy.0 = Release|ARM
		{022E86A4-935A-4F6D-8BE6-6E4DA7A65026}.AppStore|iPhone.ActiveCfg = Release|Any CPU
		{022E86A4-935A-4F6D-8BE6-6E4DA7A65026}.AppStore|iPhoneSimulator.ActiveCfg = Release|Any CPU
		{022E86A4-935A-4F6D-8BE6-6E4DA7A65026}.AppStore|Mixed Platforms.ActiveCfg = Release|x86
		{022E86A4-935A-4F6D-8BE6-6E4DA7A65026}.AppStore|Mixed Platforms.Build.0 = Release|x86
		{022E86A4-935A-4F6D-8BE6-6E4DA7A65026}.AppStore|Mixed Platforms.Deploy.0 = Release|x86
		{022E86A4-935A-4F6D-8BE6-6E4DA7A65026}.AppStore|x64.ActiveCfg = Release|Any CPU
		{022E86A4-935A-4F6D-8BE6-6E4DA7A65026}.AppStore|x86.ActiveCfg = Release|x86
		{022E86A4-935A-4F6D-8BE6-6E4DA7A65026}.AppStore|x86.Build.0 = Release|x86
		{022E86A4-935A-4F6D-8BE6-6E4DA7A65026}.AppStore|x86.Deploy.0 = Release|x86
		{022E86A4-935A-4F6D-8BE6-6E4DA7A65026}.Debug|Any CPU.ActiveCfg = Debug|Any CPU
		{022E86A4-935A-4F6D-8BE6-6E4DA7A65026}.Debug|Any CPU.Build.0 = Debug|Any CPU
		{022E86A4-935A-4F6D-8BE6-6E4DA7A65026}.Debug|Any CPU.Deploy.0 = Debug|Any CPU
		{022E86A4-935A-4F6D-8BE6-6E4DA7A65026}.Debug|ARM.ActiveCfg = Debug|ARM
		{022E86A4-935A-4F6D-8BE6-6E4DA7A65026}.Debug|ARM.Build.0 = Debug|ARM
		{022E86A4-935A-4F6D-8BE6-6E4DA7A65026}.Debug|ARM.Deploy.0 = Debug|ARM
		{022E86A4-935A-4F6D-8BE6-6E4DA7A65026}.Debug|iPhone.ActiveCfg = Debug|Any CPU
		{022E86A4-935A-4F6D-8BE6-6E4DA7A65026}.Debug|iPhoneSimulator.ActiveCfg = Debug|Any CPU
		{022E86A4-935A-4F6D-8BE6-6E4DA7A65026}.Debug|Mixed Platforms.ActiveCfg = Debug|x86
		{022E86A4-935A-4F6D-8BE6-6E4DA7A65026}.Debug|Mixed Platforms.Build.0 = Debug|x86
		{022E86A4-935A-4F6D-8BE6-6E4DA7A65026}.Debug|Mixed Platforms.Deploy.0 = Debug|x86
		{022E86A4-935A-4F6D-8BE6-6E4DA7A65026}.Debug|x64.ActiveCfg = Debug|Any CPU
		{022E86A4-935A-4F6D-8BE6-6E4DA7A65026}.Debug|x86.ActiveCfg = Debug|x86
		{022E86A4-935A-4F6D-8BE6-6E4DA7A65026}.Debug|x86.Build.0 = Debug|x86
		{022E86A4-935A-4F6D-8BE6-6E4DA7A65026}.Debug|x86.Deploy.0 = Debug|x86
		{022E86A4-935A-4F6D-8BE6-6E4DA7A65026}.Release|Any CPU.ActiveCfg = Release|Any CPU
		{022E86A4-935A-4F6D-8BE6-6E4DA7A65026}.Release|Any CPU.Build.0 = Release|Any CPU
		{022E86A4-935A-4F6D-8BE6-6E4DA7A65026}.Release|Any CPU.Deploy.0 = Release|Any CPU
		{022E86A4-935A-4F6D-8BE6-6E4DA7A65026}.Release|ARM.ActiveCfg = Release|ARM
		{022E86A4-935A-4F6D-8BE6-6E4DA7A65026}.Release|ARM.Build.0 = Release|ARM
		{022E86A4-935A-4F6D-8BE6-6E4DA7A65026}.Release|ARM.Deploy.0 = Release|ARM
		{022E86A4-935A-4F6D-8BE6-6E4DA7A65026}.Release|iPhone.ActiveCfg = Release|Any CPU
		{022E86A4-935A-4F6D-8BE6-6E4DA7A65026}.Release|iPhoneSimulator.ActiveCfg = Release|Any CPU
		{022E86A4-935A-4F6D-8BE6-6E4DA7A65026}.Release|Mixed Platforms.ActiveCfg = Release|x86
		{022E86A4-935A-4F6D-8BE6-6E4DA7A65026}.Release|Mixed Platforms.Build.0 = Release|x86
		{022E86A4-935A-4F6D-8BE6-6E4DA7A65026}.Release|Mixed Platforms.Deploy.0 = Release|x86
		{022E86A4-935A-4F6D-8BE6-6E4DA7A65026}.Release|x64.ActiveCfg = Release|Any CPU
		{022E86A4-935A-4F6D-8BE6-6E4DA7A65026}.Release|x86.ActiveCfg = Release|x86
		{022E86A4-935A-4F6D-8BE6-6E4DA7A65026}.Release|x86.Build.0 = Release|x86
		{022E86A4-935A-4F6D-8BE6-6E4DA7A65026}.Release|x86.Deploy.0 = Release|x86
	EndGlobalSection
	GlobalSection(SolutionProperties) = preSolution
		HideSolutionNode = FALSE
	EndGlobalSection
	GlobalSection(NestedProjects) = preSolution
		{43D70D0D-46F8-425D-A321-C6A355239F55} = {858CA9CA-D1D8-4CEC-8DA9-77554F58BFF2}
		{DA85D4CB-4021-440B-A36C-B90880A17B27} = {858CA9CA-D1D8-4CEC-8DA9-77554F58BFF2}
		{801C7EFA-CA80-4CB5-B3E7-F9917C9BB3C2} = {858CA9CA-D1D8-4CEC-8DA9-77554F58BFF2}
		{6FAE79F1-E9C7-4A05-B00C-B50D492CEBA7} = {858CA9CA-D1D8-4CEC-8DA9-77554F58BFF2}
	EndGlobalSection
EndGlobal
